
Microsoft Visual Studio Solution File, Format Version 12.00
# Visual Studio Version 17
VisualStudioVersion = 17.8.34511.84
MinimumVisualStudioVersion = 10.0.40219.1
Project("{FAE04EC0-301F-11D3-BF4B-00C04F79EFBC}") = "Calculadora", "Calculadora\Calculadora.csproj", "{87E183CB-5082-49EB-8907-52F3A80F1C64}"
EndProject
Global
	GlobalSection(SolutionConfigurationPlatforms) = preSolution
		Debug|Any CPU = Debug|Any CPU
		Release|Any CPU = Release|Any CPU
	EndGlobalSection
	GlobalSection(ProjectConfigurationPlatforms) = postSolution
		{87E183CB-5082-49EB-8907-52F3A80F1C64}.Debug|Any CPU.ActiveCfg = Debug|Any CPU
		{87E183CB-5082-49EB-8907-52F3A80F1C64}.Debug|Any CPU.Build.0 = Debug|Any CPU
		{87E183CB-5082-49EB-8907-52F3A80F1C64}.Release|Any CPU.ActiveCfg = Release|Any CPU
		{87E183CB-5082-49EB-8907-52F3A80F1C64}.Release|Any CPU.Build.0 = Release|Any CPU
	EndGlobalSection
	GlobalSection(SolutionProperties) = preSolution
		HideSolutionNode = FALSE
	EndGlobalSection
	GlobalSection(ExtensibilityGlobals) = postSolution
		SolutionGuid = {F2378B1C-3519-4D40-8F09-DEABD4482147}
	EndGlobalSection
EndGlobal
